
Microsoft Visual Studio Solution File, Format Version 12.00
# Visual Studio Version 16
VisualStudioVersion = 16.0.31515.178
MinimumVisualStudioVersion = 10.0.40219.1
Project("{FAE04EC0-301F-11D3-BF4B-00C04F79EFBC}") = "FilmesAPI", "FilmesAPI\FilmesAPI.csproj", "{E2775FAC-FB3D-4EE3-AB59-D902C84C941E}"
EndProject
Global
	GlobalSection(SolutionConfigurationPlatforms) = preSolution
		Debug|Any CPU = Debug|Any CPU
		Release|Any CPU = Release|Any CPU
	EndGlobalSection
	GlobalSection(ProjectConfigurationPlatforms) = postSolution
		{E2775FAC-FB3D-4EE3-AB59-D902C84C941E}.Debug|Any CPU.ActiveCfg = Debug|Any CPU
		{E2775FAC-FB3D-4EE3-AB59-D902C84C941E}.Debug|Any CPU.Build.0 = Debug|Any CPU
		{E2775FAC-FB3D-4EE3-AB59-D902C84C941E}.Release|Any CPU.ActiveCfg = Release|Any CPU
		{E2775FAC-FB3D-4EE3-AB59-D902C84C941E}.Release|Any CPU.Build.0 = Release|Any CPU
	EndGlobalSection
	GlobalSection(SolutionProperties) = preSolution
		HideSolutionNode = FALSE
	EndGlobalSection
	GlobalSection(ExtensibilityGlobals) = postSolution
		SolutionGuid = {4AAF4373-2E00-425F-9B3B-3BEFE5ABA20F}
	EndGlobalSection
EndGlobal
